// !$*UTF8*$!
{
	archiveVersion = 1;
	classes = {
	};
	objectVersion = 55;
	objects = {

/* Begin PBXBuildFile section */
		AE396231272E240F008C5432 /* Apps.swift in Sources */ = {isa = PBXBuildFile; fileRef = AE396230272E240F008C5432 /* Apps.swift */; };
		AE610BDB27338C29000935D6 /* AppDetailView.swift in Sources */ = {isa = PBXBuildFile; fileRef = AE610BDA27338C29000935D6 /* AppDetailView.swift */; };
		AE610BDD273443A1000935D6 /* AppDetailViewController.swift in Sources */ = {isa = PBXBuildFile; fileRef = AE610BDC273443A1000935D6 /* AppDetailViewController.swift */; };
		AE610BDF2734BE4C000935D6 /* ScreenshotCollectionViewCell.swift in Sources */ = {isa = PBXBuildFile; fileRef = AE610BDE2734BE4C000935D6 /* ScreenshotCollectionViewCell.swift */; };
		AE6DCB47272F92CD0038D040 /* NetworkManager.swift in Sources */ = {isa = PBXBuildFile; fileRef = AE6DCB46272F92CD0038D040 /* NetworkManager.swift */; };
		AE6DCB4927304AE30038D040 /* AppsTableViewCell.swift in Sources */ = {isa = PBXBuildFile; fileRef = AE6DCB4827304AE30038D040 /* AppsTableViewCell.swift */; };
		AE8A2BFB272E19C900B0F6DB /* AppDelegate.swift in Sources */ = {isa = PBXBuildFile; fileRef = AE8A2BFA272E19C900B0F6DB /* AppDelegate.swift */; };
		AE8A2BFD272E19C900B0F6DB /* SceneDelegate.swift in Sources */ = {isa = PBXBuildFile; fileRef = AE8A2BFC272E19C900B0F6DB /* SceneDelegate.swift */; };
		AE8A2BFF272E19C900B0F6DB /* ViewController.swift in Sources */ = {isa = PBXBuildFile; fileRef = AE8A2BFE272E19C900B0F6DB /* ViewController.swift */; };
		AE8A2C04272E19CA00B0F6DB /* Assets.xcassets in Resources */ = {isa = PBXBuildFile; fileRef = AE8A2C03272E19CA00B0F6DB /* Assets.xcassets */; };
		AE8A2C07272E19CA00B0F6DB /* LaunchScreen.storyboard in Resources */ = {isa = PBXBuildFile; fileRef = AE8A2C05272E19CA00B0F6DB /* LaunchScreen.storyboard */; };
/* End PBXBuildFile section */

/* Begin PBXFileReference section */
		AE396230272E240F008C5432 /* Apps.swift */ = {isa = PBXFileReference; lastKnownFileType = sourcecode.swift; path = Apps.swift; sourceTree = "<group>"; };
		AE610BDA27338C29000935D6 /* AppDetailView.swift */ = {isa = PBXFileReference; lastKnownFileType = sourcecode.swift; path = AppDetailView.swift; sourceTree = "<group>"; };
		AE610BDC273443A1000935D6 /* AppDetailViewController.swift */ = {isa = PBXFileReference; lastKnownFileType = sourcecode.swift; path = AppDetailViewController.swift; sourceTree = "<group>"; };
		AE610BDE2734BE4C000935D6 /* ScreenshotCollectionViewCell.swift */ = {isa = PBXFileReference; lastKnownFileType = sourcecode.swift; path = ScreenshotCollectionViewCell.swift; sourceTree = "<group>"; };
		AE6DCB46272F92CD0038D040 /* NetworkManager.swift */ = {isa = PBXFileReference; lastKnownFileType = sourcecode.swift; path = NetworkManager.swift; sourceTree = "<group>"; };
		AE6DCB4827304AE30038D040 /* AppsTableViewCell.swift */ = {isa = PBXFileReference; lastKnownFileType = sourcecode.swift; path = AppsTableViewCell.swift; sourceTree = "<group>"; };
		AE8A2BF7272E19C900B0F6DB /* AppStoreApp.app */ = {isa = PBXFileReference; explicitFileType = wrapper.application; includeInIndex = 0; path = AppStoreApp.app; sourceTree = BUILT_PRODUCTS_DIR; };
		AE8A2BFA272E19C900B0F6DB /* AppDelegate.swift */ = {isa = PBXFileReference; lastKnownFileType = sourcecode.swift; path = AppDelegate.swift; sourceTree = "<group>"; };
		AE8A2BFC272E19C900B0F6DB /* SceneDelegate.swift */ = {isa = PBXFileReference; lastKnownFileType = sourcecode.swift; path = SceneDelegate.swift; sourceTree = "<group>"; };
		AE8A2BFE272E19C900B0F6DB /* ViewController.swift */ = {isa = PBXFileReference; lastKnownFileType = sourcecode.swift; path = ViewController.swift; sourceTree = "<group>"; };
		AE8A2C03272E19CA00B0F6DB /* Assets.xcassets */ = {isa = PBXFileReference; lastKnownFileType = folder.assetcatalog; path = Assets.xcassets; sourceTree = "<group>"; };
		AE8A2C06272E19CA00B0F6DB /* Base */ = {isa = PBXFileReference; lastKnownFileType = file.storyboard; name = Base; path = Base.lproj/LaunchScreen.storyboard; sourceTree = "<group>"; };
		AE8A2C08272E19CA00B0F6DB /* Info.plist */ = {isa = PBXFileReference; lastKnownFileType = text.plist.xml; path = Info.plist; sourceTree = "<group>"; };
/* End PBXFileReference section */

/* Begin PBXFrameworksBuildPhase section */
		AE8A2BF4272E19C900B0F6DB /* Frameworks */ = {
			isa = PBXFrameworksBuildPhase;
			buildActionMask = 2147483647;
			files = (
			);
			runOnlyForDeploymentPostprocessing = 0;
		};
/* End PBXFrameworksBuildPhase section */

/* Begin PBXGroup section */
		AE04A336272E417B00D6A201 /* ViewControllers */ = {
			isa = PBXGroup;
			children = (
				AE8A2BFE272E19C900B0F6DB /* ViewController.swift */,
				AE610BDC273443A1000935D6 /* AppDetailViewController.swift */,
			);
			path = ViewControllers;
			sourceTree = "<group>";
		};
		AE396232272E31BC008C5432 /* Models */ = {
			isa = PBXGroup;
			children = (
				AE396230272E240F008C5432 /* Apps.swift */,
			);
			path = Models;
			sourceTree = "<group>";
		};
		AE396233272E31D2008C5432 /* Views */ = {
			isa = PBXGroup;
			children = (
				AE6DCB4827304AE30038D040 /* AppsTableViewCell.swift */,
				AE610BDA27338C29000935D6 /* AppDetailView.swift */,
				AE610BDE2734BE4C000935D6 /* ScreenshotCollectionViewCell.swift */,
			);
			path = Views;
			sourceTree = "<group>";
		};
		AE6DCB43272F92160038D040 /* Network */ = {
			isa = PBXGroup;
			children = (
				AE6DCB46272F92CD0038D040 /* NetworkManager.swift */,
			);
			path = Network;
			sourceTree = "<group>";
		};
		AE8A2BEE272E19C900B0F6DB = {
			isa = PBXGroup;
			children = (
				AE8A2BF9272E19C900B0F6DB /* AppStoreApp */,
				AE8A2BF8272E19C900B0F6DB /* Products */,
			);
			sourceTree = "<group>";
		};
		AE8A2BF8272E19C900B0F6DB /* Products */ = {
			isa = PBXGroup;
			children = (
				AE8A2BF7272E19C900B0F6DB /* AppStoreApp.app */,
			);
			name = Products;
			sourceTree = "<group>";
		};
		AE8A2BF9272E19C900B0F6DB /* AppStoreApp */ = {
			isa = PBXGroup;
			children = (
				AE396232272E31BC008C5432 /* Models */,
				AE396233272E31D2008C5432 /* Views */,
				AE04A336272E417B00D6A201 /* ViewControllers */,
				AE6DCB43272F92160038D040 /* Network */,
				AE8A2BFA272E19C900B0F6DB /* AppDelegate.swift */,
				AE8A2BFC272E19C900B0F6DB /* SceneDelegate.swift */,
				AE8A2C03272E19CA00B0F6DB /* Assets.xcassets */,
				AE8A2C05272E19CA00B0F6DB /* LaunchScreen.storyboard */,
				AE8A2C08272E19CA00B0F6DB /* Info.plist */,
			);
			path = AppStoreApp;
			sourceTree = "<group>";
		};
/* End PBXGroup section */

/* Begin PBXNativeTarget section */
		AE8A2BF6272E19C900B0F6DB /* AppStoreApp */ = {
			isa = PBXNativeTarget;
			buildConfigurationList = AE8A2C0B272E19CA00B0F6DB /* Build configuration list for PBXNativeTarget "AppStoreApp" */;
			buildPhases = (
				AE8A2BF3272E19C900B0F6DB /* Sources */,
				AE8A2BF4272E19C900B0F6DB /* Frameworks */,
				AE8A2BF5272E19C900B0F6DB /* Resources */,
			);
			buildRules = (
			);
			dependencies = (
			);
			name = AppStoreApp;
			productName = AppStoreApp;
			productReference = AE8A2BF7272E19C900B0F6DB /* AppStoreApp.app */;
			productType = "com.apple.product-type.application";
		};
/* End PBXNativeTarget section */

/* Begin PBXProject section */
		AE8A2BEF272E19C900B0F6DB /* Project object */ = {
			isa = PBXProject;
			attributes = {
				BuildIndependentTargetsInParallel = 1;
				LastSwiftUpdateCheck = 1300;
				LastUpgradeCheck = 1300;
				TargetAttributes = {
					AE8A2BF6272E19C900B0F6DB = {
						CreatedOnToolsVersion = 13.0;
					};
				};
			};
			buildConfigurationList = AE8A2BF2272E19C900B0F6DB /* Build configuration list for PBXProject "AppStoreApp" */;
			compatibilityVersion = "Xcode 13.0";
			developmentRegion = en;
			hasScannedForEncodings = 0;
			knownRegions = (
				en,
				Base,
			);
			mainGroup = AE8A2BEE272E19C900B0F6DB;
			productRefGroup = AE8A2BF8272E19C900B0F6DB /* Products */;
			projectDirPath = "";
			projectRoot = "";
			targets = (
				AE8A2BF6272E19C900B0F6DB /* AppStoreApp */,
			);
		};
/* End PBXProject section */

/* Begin PBXResourcesBuildPhase section */
		AE8A2BF5272E19C900B0F6DB /* Resources */ = {
			isa = PBXResourcesBuildPhase;
			buildActionMask = 2147483647;
			files = (
				AE8A2C07272E19CA00B0F6DB /* LaunchScreen.storyboard in Resources */,
				AE8A2C04272E19CA00B0F6DB /* Assets.xcassets in Resources */,
			);
			runOnlyForDeploymentPostprocessing = 0;
		};
/* End PBXResourcesBuildPhase section */

/* Begin PBXSourcesBuildPhase section */
		AE8A2BF3272E19C900B0F6DB /* Sources */ = {
			isa = PBXSourcesBuildPhase;
			buildActionMask = 2147483647;
			files = (
				AE8A2BFF272E19C900B0F6DB /* ViewController.swift in Sources */,
				AE610BDF2734BE4C000935D6 /* ScreenshotCollectionViewCell.swift in Sources */,
				AE610BDB27338C29000935D6 /* AppDetailView.swift in Sources */,
				AE610BDD273443A1000935D6 /* AppDetailViewController.swift in Sources */,
				AE6DCB4927304AE30038D040 /* AppsTableViewCell.swift in Sources */,
				AE396231272E240F008C5432 /* Apps.swift in Sources */,
				AE6DCB47272F92CD0038D040 /* NetworkManager.swift in Sources */,
				AE8A2BFB272E19C900B0F6DB /* AppDelegate.swift in Sources */,
				AE8A2BFD272E19C900B0F6DB /* SceneDelegate.swift in Sources */,
			);
			runOnlyForDeploymentPostprocessing = 0;
		};
/* End PBXSourcesBuildPhase section */

/* Begin PBXVariantGroup section */
		AE8A2C05272E19CA00B0F6DB /* LaunchScreen.storyboard */ = {
			isa = PBXVariantGroup;
			children = (
				AE8A2C06272E19CA00B0F6DB /* Base */,
			);
			name = LaunchScreen.storyboard;
			sourceTree = "<group>";
		};
/* End PBXVariantGroup section */

/* Begin XCBuildConfiguration section */
		AE8A2C09272E19CA00B0F6DB /* Debug */ = {
			isa = XCBuildConfiguration;
			buildSettings = {
				ALWAYS_SEARCH_USER_PATHS = NO;
				CLANG_ANALYZER_NONNULL = YES;
				CLANG_ANALYZER_NUMBER_OBJECT_CONVERSION = YES_AGGRESSIVE;
				CLANG_CXX_LANGUAGE_STANDARD = "gnu++17";
				CLANG_CXX_LIBRARY = "libc++";
				CLANG_ENABLE_MODULES = YES;
				CLANG_ENABLE_OBJC_ARC = YES;
				CLANG_ENABLE_OBJC_WEAK = YES;
				CLANG_WARN_BLOCK_CAPTURE_AUTORELEASING = YES;
				CLANG_WARN_BOOL_CONVERSION = YES;
				CLANG_WARN_COMMA = YES;
				CLANG_WARN_CONSTANT_CONVERSION = YES;
				CLANG_WARN_DEPRECATED_OBJC_IMPLEMENTATIONS = YES;
				CLANG_WARN_DIRECT_OBJC_ISA_USAGE = YES_ERROR;
				CLANG_WARN_DOCUMENTATION_COMMENTS = YES;
				CLANG_WARN_EMPTY_BODY = YES;
				CLANG_WARN_ENUM_CONVERSION = YES;
				CLANG_WARN_INFINITE_RECURSION = YES;
				CLANG_WARN_INT_CONVERSION = YES;
				CLANG_WARN_NON_LITERAL_NULL_CONVERSION = YES;
				CLANG_WARN_OBJC_IMPLICIT_RETAIN_SELF = YES;
				CLANG_WARN_OBJC_LITERAL_CONVERSION = YES;
				CLANG_WARN_OBJC_ROOT_CLASS = YES_ERROR;
				CLANG_WARN_QUOTED_INCLUDE_IN_FRAMEWORK_HEADER = YES;
				CLANG_WARN_RANGE_LOOP_ANALYSIS = YES;
				CLANG_WARN_STRICT_PROTOTYPES = YES;
				CLANG_WARN_SUSPICIOUS_MOVE = YES;
				CLANG_WARN_UNGUARDED_AVAILABILITY = YES_AGGRESSIVE;
				CLANG_WARN_UNREACHABLE_CODE = YES;
				CLANG_WARN__DUPLICATE_METHOD_MATCH = YES;
				COPY_PHASE_STRIP = NO;
				DEBUG_INFORMATION_FORMAT = dwarf;
				ENABLE_STRICT_OBJC_MSGSEND = YES;
				ENABLE_TESTABILITY = YES;
				GCC_C_LANGUAGE_STANDARD = gnu11;
				GCC_DYNAMIC_NO_PIC = NO;
				GCC_NO_COMMON_BLOCKS = YES;
				GCC_OPTIMIZATION_LEVEL = 0;
				GCC_PREPROCESSOR_DEFINITIONS = (
					"DEBUG=1",
					"$(inherited)",
				);
				GCC_WARN_64_TO_32_BIT_CONVERSION = YES;
				GCC_WARN_ABOUT_RETURN_TYPE = YES_ERROR;
				GCC_WARN_UNDECLARED_SELECTOR = YES;
				GCC_WARN_UNINITIALIZED_AUTOS = YES_AGGRESSIVE;
				GCC_WARN_UNUSED_FUNCTION = YES;
				GCC_WARN_UNUSED_VARIABLE = YES;
				IPHONEOS_DEPLOYMENT_TARGET = 15.0;
				MTL_ENABLE_DEBUG_INFO = INCLUDE_SOURCE;
				MTL_FAST_MATH = YES;
				ONLY_ACTIVE_ARCH = YES;
				SDKROOT = iphoneos;
				SWIFT_ACTIVE_COMPILATION_CONDITIONS = DEBUG;
				SWIFT_OPTIMIZATION_LEVEL = "-Onone";
			};
			name = Debug;
		};
		AE8A2C0A272E19CA00B0F6DB /* Release */ = {
			isa = XCBuildConfiguration;
			buildSettings = {
				ALWAYS_SEARCH_USER_PATHS = NO;
				CLANG_ANALYZER_NONNULL = YES;
				CLANG_ANALYZER_NUMBER_OBJECT_CONVERSION = YES_AGGRESSIVE;
				CLANG_CXX_LANGUAGE_STANDARD = "gnu++17";
				CLANG_CXX_LIBRARY = "libc++";
				CLANG_ENABLE_MODULES = YES;
				CLANG_ENABLE_OBJC_ARC = YES;
				CLANG_ENABLE_OBJC_WEAK = YES;
				CLANG_WARN_BLOCK_CAPTURE_AUTORELEASING = YES;
				CLANG_WARN_BOOL_CONVERSION = YES;
				CLANG_WARN_COMMA = YES;
				CLANG_WARN_CONSTANT_CONVERSION = YES;
				CLANG_WARN_DEPRECATED_OBJC_IMPLEMENTATIONS = YES;
				CLANG_WARN_DIRECT_OBJC_ISA_USAGE = YES_ERROR;
				CLANG_WARN_DOCUMENTATION_COMMENTS = YES;
				CLANG_WARN_EMPTY_BODY = YES;
				CLANG_WARN_ENUM_CONVERSION = YES;
				CLANG_WARN_INFINITE_RECURSION = YES;
				CLANG_WARN_INT_CONVERSION = YES;
				CLANG_WARN_NON_LITERAL_NULL_CONVERSION = YES;
				CLANG_WARN_OBJC_IMPLICIT_RETAIN_SELF = YES;
				CLANG_WARN_OBJC_LITERAL_CONVERSION = YES;
				CLANG_WARN_OBJC_ROOT_CLASS = YES_ERROR;
				CLANG_WARN_QUOTED_INCLUDE_IN_FRAMEWORK_HEADER = YES;
				CLANG_WARN_RANGE_LOOP_ANALYSIS = YES;
				CLANG_WARN_STRICT_PROTOTYPES = YES;
				CLANG_WARN_SUSPICIOUS_MOVE = YES;
				CLANG_WARN_UNGUARDED_AVAILABILITY = YES_AGGRESSIVE;
				CLANG_WARN_UNREACHABLE_CODE = YES;
				CLANG_WARN__DUPLICATE_METHOD_MATCH = YES;
				COPY_PHASE_STRIP = NO;
				DEBUG_INFORMATION_FORMAT = "dwarf-with-dsym";
				ENABLE_NS_ASSERTIONS = NO;
				ENABLE_STRICT_OBJC_MSGSEND = YES;
				GCC_C_LANGUAGE_STANDARD = gnu11;
				GCC_NO_COMMON_BLOCKS = YES;
				GCC_WARN_64_TO_32_BIT_CONVERSION = YES;
				GCC_WARN_ABOUT_RETURN_TYPE = YES_ERROR;
				GCC_WARN_UNDECLARED_SELECTOR = YES;
				GCC_WARN_UNINITIALIZED_AUTOS = YES_AGGRESSIVE;
				GCC_WARN_UNUSED_FUNCTION = YES;
				GCC_WARN_UNUSED_VARIABLE = YES;
				IPHONEOS_DEPLOYMENT_TARGET = 15.0;
				MTL_ENABLE_DEBUG_INFO = NO;
				MTL_FAST_MATH = YES;
				SDKROOT = iphoneos;
				SWIFT_COMPILATION_MODE = wholemodule;
				SWIFT_OPTIMIZATION_LEVEL = "-O";
				VALIDATE_PRODUCT = YES;
			};
			name = Release;
		};
		AE8A2C0C272E19CA00B0F6DB /* Debug */ = {
			isa = XCBuildConfiguration;
			buildSettings = {
				ASSETCATALOG_COMPILER_APPICON_NAME = AppIcon;
				ASSETCATALOG_COMPILER_GLOBAL_ACCENT_COLOR_NAME = AccentColor;
				CODE_SIGN_STYLE = Automatic;
				CURRENT_PROJECT_VERSION = 1;
				DEVELOPMENT_TEAM = 766MQFJY2G;
				GENERATE_INFOPLIST_FILE = YES;
				INFOPLIST_FILE = AppStoreApp/Info.plist;
				INFOPLIST_KEY_UIApplicationSupportsIndirectInputEvents = YES;
				INFOPLIST_KEY_UILaunchStoryboardName = LaunchScreen;
				INFOPLIST_KEY_UISupportedInterfaceOrientations_iPad = "UIInterfaceOrientationPortrait UIInterfaceOrientationPortraitUpsideDown UIInterfaceOrientationLandscapeLeft UIInterfaceOrientationLandscapeRight";
				INFOPLIST_KEY_UISupportedInterfaceOrientations_iPhone = "UIInterfaceOrientationPortrait UIInterfaceOrientationLandscapeLeft UIInterfaceOrientationLandscapeRight";
				LD_RUNPATH_SEARCH_PATHS = (
					"$(inherited)",
					"@executable_path/Frameworks",
				);
				MARKETING_VERSION = 1.0;
				PRODUCT_BUNDLE_IDENTIFIER = me.heatem.AppStoreApp;
				PRODUCT_NAME = "$(TARGET_NAME)";
				SWIFT_EMIT_LOC_STRINGS = YES;
				SWIFT_VERSION = 5.0;
				TARGETED_DEVICE_FAMILY = "1,2";
			};
			name = Debug;
		};
		AE8A2C0D272E19CA00B0F6DB /* Release */ = {
			isa = XCBuildConfiguration;
			buildSettings = {
				ASSETCATALOG_COMPILER_APPICON_NAME = AppIcon;
				ASSETCATALOG_COMPILER_GLOBAL_ACCENT_COLOR_NAME = AccentColor;
				CODE_SIGN_STYLE = Automatic;
				CURRENT_PROJECT_VERSION = 1;
				DEVELOPMENT_TEAM = 766MQFJY2G;
				GENERATE_INFOPLIST_FILE = YES;
				INFOPLIST_FILE = AppStoreApp/Info.plist;
				INFOPLIST_KEY_UIApplicationSupportsIndirectInputEvents = YES;
				INFOPLIST_KEY_UILaunchStoryboardName = LaunchScreen;
				INFOPLIST_KEY_UISupportedInterfaceOrientations_iPad = "UIInterfaceOrientationPortrait UIInterfaceOrientationPortraitUpsideDown UIInterfaceOrientationLandscapeLeft UIInterfaceOrientationLandscapeRight";
				INFOPLIST_KEY_UISupportedInterfaceOrientations_iPhone = "UIInterfaceOrientationPortrait UIInterfaceOrientationLandscapeLeft UIInterfaceOrientationLandscapeRight";
				LD_RUNPATH_SEARCH_PATHS = (
					"$(inherited)",
					"@executable_path/Frameworks",
				);
				MARKETING_VERSION = 1.0;
				PRODUCT_BUNDLE_IDENTIFIER = me.heatem.AppStoreApp;
				PRODUCT_NAME = "$(TARGET_NAME)";
				SWIFT_EMIT_LOC_STRINGS = YES;
				SWIFT_VERSION = 5.0;
				TARGETED_DEVICE_FAMILY = "1,2";
			};
			name = Release;
		};
/* End XCBuildConfiguration section */

/* Begin XCConfigurationList section */
		AE8A2BF2272E19C900B0F6DB /* Build configuration list for PBXProject "AppStoreApp" */ = {
			isa = XCConfigurationList;
			buildConfigurations = (
				AE8A2C09272E19CA00B0F6DB /* Debug */,
				AE8A2C0A272E19CA00B0F6DB /* Release */,
			);
			defaultConfigurationIsVisible = 0;
			defaultConfigurationName = Release;
		};
		AE8A2C0B272E19CA00B0F6DB /* Build configuration list for PBXNativeTarget "AppStoreApp" */ = {
			isa = XCConfigurationList;
			buildConfigurations = (
				AE8A2C0C272E19CA00B0F6DB /* Debug */,
				AE8A2C0D272E19CA00B0F6DB /* Release */,
			);
			defaultConfigurationIsVisible = 0;
			defaultConfigurationName = Release;
		};
/* End XCConfigurationList section */
	};
	rootObject = AE8A2BEF272E19C900B0F6DB /* Project object */;
}
